
Microsoft Visual Studio Solution File, Format Version 12.00
# Visual Studio Version 17
VisualStudioVersion = 17.14.37027.9 d17.14
MinimumVisualStudioVersion = 10.0.40219.1
Project("{F184B08F-C81C-45F6-A57F-5ABD9991F28F}") = "CSVtoQR", "CSVtoQR.vbproj", "{AA246A6E-F4DB-42E5-BBD8-6D92F1A391DD}"
EndProject
Global
	GlobalSection(SolutionConfigurationPlatforms) = preSolution
		Debug|Any CPU = Debug|Any CPU
		Release|Any CPU = Release|Any CPU
	EndGlobalSection
	GlobalSection(ProjectConfigurationPlatforms) = postSolution
		{AA246A6E-F4DB-42E5-BBD8-6D92F1A391DD}.Debug|Any CPU.ActiveCfg = Debug|Any CPU
		{AA246A6E-F4DB-42E5-BBD8-6D92F1A391DD}.Debug|Any CPU.Build.0 = Debug|Any CPU
		{AA246A6E-F4DB-42E5-BBD8-6D92F1A391DD}.Release|Any CPU.ActiveCfg = Release|Any CPU
		{AA246A6E-F4DB-42E5-BBD8-6D92F1A391DD}.Release|Any CPU.Build.0 = Release|Any CPU
	EndGlobalSection
	GlobalSection(SolutionProperties) = preSolution
		HideSolutionNode = FALSE
	EndGlobalSection
	GlobalSection(ExtensibilityGlobals) = postSolution
		SolutionGuid = {3E81FED9-51D0-406A-91C8-9B9AC0B55493}
	EndGlobalSection
EndGlobal
